
Microsoft Visual Studio Solution File, Format Version 12.00
# Visual Studio Version 17
VisualStudioVersion = 17.5.002.0
MinimumVisualStudioVersion = 10.0.40219.1
Project("{9A19103F-16F7-4668-BE54-9A1E7A4F7556}") = "Auth.WebApi", "Auth.WebApi\Auth.WebApi.csproj", "{46E0E2EA-B1CD-4F53-B483-564187DE0804}"
EndProject
Project("{FAE04EC0-301F-11D3-BF4B-00C04F79EFBC}") = "Auth.Application", "Auth.Application\Auth.Application.csproj", "{7087EA68-ABE1-4C66-B4D4-BA41723A50AB}"
EndProject
Project("{FAE04EC0-301F-11D3-BF4B-00C04F79EFBC}") = "Auth.Domain", "Auth.Domain\Auth.Domain.csproj", "{D12B8299-B126-4E14-A58E-7DD69AA79AB4}"
EndProject
Project("{FAE04EC0-301F-11D3-BF4B-00C04F79EFBC}") = "Auth.Infrastructure", "Auth.Infrastructure\Auth.Infrastructure.csproj", "{97E77EF3-CE2E-4499-AFBA-AC0FCAC970BC}"
EndProject
Project("{FAE04EC0-301F-11D3-BF4B-00C04F79EFBC}") = "Auth.Persistence", "Auth.Persistence\Auth.Persistence.csproj", "{FB94DD04-D46A-460D-9C50-2D665A9C6099}"
EndProject
Global
	GlobalSection(SolutionConfigurationPlatforms) = preSolution
		Debug|Any CPU = Debug|Any CPU
		Release|Any CPU = Release|Any CPU
	EndGlobalSection
	GlobalSection(ProjectConfigurationPlatforms) = postSolution
		{46E0E2EA-B1CD-4F53-B483-564187DE0804}.Debug|Any CPU.ActiveCfg = Debug|Any CPU
		{46E0E2EA-B1CD-4F53-B483-564187DE0804}.Debug|Any CPU.Build.0 = Debug|Any CPU
		{46E0E2EA-B1CD-4F53-B483-564187DE0804}.Release|Any CPU.ActiveCfg = Release|Any CPU
		{46E0E2EA-B1CD-4F53-B483-564187DE0804}.Release|Any CPU.Build.0 = Release|Any CPU
		{7087EA68-ABE1-4C66-B4D4-BA41723A50AB}.Debug|Any CPU.ActiveCfg = Debug|Any CPU
		{7087EA68-ABE1-4C66-B4D4-BA41723A50AB}.Debug|Any CPU.Build.0 = Debug|Any CPU
		{7087EA68-ABE1-4C66-B4D4-BA41723A50AB}.Release|Any CPU.ActiveCfg = Release|Any CPU
		{7087EA68-ABE1-4C66-B4D4-BA41723A50AB}.Release|Any CPU.Build.0 = Release|Any CPU
		{D12B8299-B126-4E14-A58E-7DD69AA79AB4}.Debug|Any CPU.ActiveCfg = Debug|Any CPU
		{D12B8299-B126-4E14-A58E-7DD69AA79AB4}.Debug|Any CPU.Build.0 = Debug|Any CPU
		{D12B8299-B126-4E14-A58E-7DD69AA79AB4}.Release|Any CPU.ActiveCfg = Release|Any CPU
		{D12B8299-B126-4E14-A58E-7DD69AA79AB4}.Release|Any CPU.Build.0 = Release|Any CPU
		{97E77EF3-CE2E-4499-AFBA-AC0FCAC970BC}.Debug|Any CPU.ActiveCfg = Debug|Any CPU
		{97E77EF3-CE2E-4499-AFBA-AC0FCAC970BC}.Debug|Any CPU.Build.0 = Debug|Any CPU
		{97E77EF3-CE2E-4499-AFBA-AC0FCAC970BC}.Release|Any CPU.ActiveCfg = Release|Any CPU
		{97E77EF3-CE2E-4499-AFBA-AC0FCAC970BC}.Release|Any CPU.Build.0 = Release|Any CPU
		{FB94DD04-D46A-460D-9C50-2D665A9C6099}.Debug|Any CPU.ActiveCfg = Debug|Any CPU
		{FB94DD04-D46A-460D-9C50-2D665A9C6099}.Debug|Any CPU.Build.0 = Debug|Any CPU
		{FB94DD04-D46A-460D-9C50-2D665A9C6099}.Release|Any CPU.ActiveCfg = Release|Any CPU
		{FB94DD04-D46A-460D-9C50-2D665A9C6099}.Release|Any CPU.Build.0 = Release|Any CPU
	EndGlobalSection
	GlobalSection(SolutionProperties) = preSolution
		HideSolutionNode = FALSE
	EndGlobalSection
	GlobalSection(ExtensibilityGlobals) = postSolution
		SolutionGuid = {1C513BEB-770C-4968-ADFD-CC9098FFB7B2}
	EndGlobalSection
EndGlobal
